
Microsoft Visual Studio Solution File, Format Version 12.00
# Visual Studio Version 17
VisualStudioVersion = 17.5.002.0
MinimumVisualStudioVersion = 10.0.40219.1
Project("{9A19103F-16F7-4668-BE54-9A1E7A4F7556}") = "AdventOfCode 2023", "AdventOfCode 2023.csproj", "{9EF976CF-A20C-4C6B-AD30-E9CEB5C3D899}"
EndProject
Global
	GlobalSection(SolutionConfigurationPlatforms) = preSolution
		Debug|Any CPU = Debug|Any CPU
		Release|Any CPU = Release|Any CPU
	EndGlobalSection
	GlobalSection(ProjectConfigurationPlatforms) = postSolution
		{9EF976CF-A20C-4C6B-AD30-E9CEB5C3D899}.Debug|Any CPU.ActiveCfg = Debug|Any CPU
		{9EF976CF-A20C-4C6B-AD30-E9CEB5C3D899}.Debug|Any CPU.Build.0 = Debug|Any CPU
		{9EF976CF-A20C-4C6B-AD30-E9CEB5C3D899}.Release|Any CPU.ActiveCfg = Release|Any CPU
		{9EF976CF-A20C-4C6B-AD30-E9CEB5C3D899}.Release|Any CPU.Build.0 = Release|Any CPU
	EndGlobalSection
	GlobalSection(SolutionProperties) = preSolution
		HideSolutionNode = FALSE
	EndGlobalSection
	GlobalSection(ExtensibilityGlobals) = postSolution
		SolutionGuid = {CFC1FB3B-0DFE-4BB4-89D9-25C0C9D4DCB0}
	EndGlobalSection
EndGlobal
